
Microsoft Visual Studio Solution File, Format Version 11.00
# Visual Studio 2010
Project("{FAE04EC0-301F-11D3-BF4B-00C04F79EFBC}") = "Assembly-CSharp", "Assembly-CSharp.csproj", "{605390E7-FC56-8A53-20AF-1910F73B6674}"
EndProject
Project("{FAE04EC0-301F-11D3-BF4B-00C04F79EFBC}") = "Assembly-CSharp-Editor", "Assembly-CSharp-Editor.csproj", "{6D64A97E-B795-C519-FAA7-68F8D56EB2F6}"
EndProject
Global
	GlobalSection(SolutionConfigurationPlatforms) = preSolution
		Debug|Any CPU = Debug|Any CPU
		Release|Any CPU = Release|Any CPU
	EndGlobalSection
	GlobalSection(ProjectConfigurationPlatforms) = postSolution
		{605390E7-FC56-8A53-20AF-1910F73B6674}.Debug|Any CPU.ActiveCfg = Debug|Any CPU
		{605390E7-FC56-8A53-20AF-1910F73B6674}.Debug|Any CPU.Build.0 = Debug|Any CPU
		{605390E7-FC56-8A53-20AF-1910F73B6674}.Release|Any CPU.ActiveCfg = Release|Any CPU
		{605390E7-FC56-8A53-20AF-1910F73B6674}.Release|Any CPU.Build.0 = Release|Any CPU
		{6D64A97E-B795-C519-FAA7-68F8D56EB2F6}.Debug|Any CPU.ActiveCfg = Debug|Any CPU
		{6D64A97E-B795-C519-FAA7-68F8D56EB2F6}.Debug|Any CPU.Build.0 = Debug|Any CPU
		{6D64A97E-B795-C519-FAA7-68F8D56EB2F6}.Release|Any CPU.ActiveCfg = Release|Any CPU
		{6D64A97E-B795-C519-FAA7-68F8D56EB2F6}.Release|Any CPU.Build.0 = Release|Any CPU
	EndGlobalSection
	GlobalSection(SolutionProperties) = preSolution
		HideSolutionNode = FALSE
	EndGlobalSection
EndGlobal
